
Microsoft Visual Studio Solution File, Format Version 12.00
# Visual Studio Version 17
VisualStudioVersion = 17.11.35208.52
MinimumVisualStudioVersion = 10.0.40219.1
Project("{FAE04EC0-301F-11D3-BF4B-00C04F79EFBC}") = "gRPCBasedDotnetFramework", "gRPCBasedDotnetFramework.csproj", "{7B596502-6A39-483F-9974-B4CB3A7A1FBD}"
EndProject
Global
	GlobalSection(SolutionConfigurationPlatforms) = preSolution
		Debug|Any CPU = Debug|Any CPU
		Release|Any CPU = Release|Any CPU
	EndGlobalSection
	GlobalSection(ProjectConfigurationPlatforms) = postSolution
		{7B596502-6A39-483F-9974-B4CB3A7A1FBD}.Debug|Any CPU.ActiveCfg = Debug|Any CPU
		{7B596502-6A39-483F-9974-B4CB3A7A1FBD}.Debug|Any CPU.Build.0 = Debug|Any CPU
		{7B596502-6A39-483F-9974-B4CB3A7A1FBD}.Release|Any CPU.ActiveCfg = Release|Any CPU
		{7B596502-6A39-483F-9974-B4CB3A7A1FBD}.Release|Any CPU.Build.0 = Release|Any CPU
	EndGlobalSection
	GlobalSection(SolutionProperties) = preSolution
		HideSolutionNode = FALSE
	EndGlobalSection
	GlobalSection(ExtensibilityGlobals) = postSolution
		SolutionGuid = {2DE4A91A-FC88-4D83-9CE8-FA710CA2A57C}
	EndGlobalSection
EndGlobal
